
Microsoft Visual Studio Solution File, Format Version 12.00
# Visual Studio Version 17
VisualStudioVersion = 17.2.32616.157
MinimumVisualStudioVersion = 10.0.40219.1
Project("{9A19103F-16F7-4668-BE54-9A1E7A4F7556}") = "HangfireTaskScheduler", "HangfireTaskScheduler\HangfireTaskScheduler.csproj", "{B880642E-CCD5-4C47-AF49-57B7CE719A8B}"
EndProject
Global
	GlobalSection(SolutionConfigurationPlatforms) = preSolution
		Debug|Any CPU = Debug|Any CPU
		Release|Any CPU = Release|Any CPU
	EndGlobalSection
	GlobalSection(ProjectConfigurationPlatforms) = postSolution
		{B880642E-CCD5-4C47-AF49-57B7CE719A8B}.Debug|Any CPU.ActiveCfg = Debug|Any CPU
		{B880642E-CCD5-4C47-AF49-57B7CE719A8B}.Debug|Any CPU.Build.0 = Debug|Any CPU
		{B880642E-CCD5-4C47-AF49-57B7CE719A8B}.Release|Any CPU.ActiveCfg = Release|Any CPU
		{B880642E-CCD5-4C47-AF49-57B7CE719A8B}.Release|Any CPU.Build.0 = Release|Any CPU
	EndGlobalSection
	GlobalSection(SolutionProperties) = preSolution
		HideSolutionNode = FALSE
	EndGlobalSection
	GlobalSection(ExtensibilityGlobals) = postSolution
		SolutionGuid = {F5CF56B0-D42D-4E9F-AAA8-0C7B4ADCB241}
	EndGlobalSection
EndGlobal
